
Microsoft Visual Studio Solution File, Format Version 12.00
# Visual Studio 15
VisualStudioVersion = 15.0.28307.271
MinimumVisualStudioVersion = 10.0.40219.1
Project("{FAE04EC0-301F-11D3-BF4B-00C04F79EFBC}") = "CzytnikRSS", "CzytnikRSS\CzytnikRSS.csproj", "{0CD1F587-8B0E-4BC2-B1D6-9B1501E26C94}"
EndProject
Project("{FAE04EC0-301F-11D3-BF4B-00C04F79EFBC}") = "Service", "Service\Service.csproj", "{405F64AF-24BE-4290-B39B-D3C1986F9B46}"
EndProject
Global
	GlobalSection(SolutionConfigurationPlatforms) = preSolution
		Debug|Any CPU = Debug|Any CPU
		Release|Any CPU = Release|Any CPU
	EndGlobalSection
	GlobalSection(ProjectConfigurationPlatforms) = postSolution
		{0CD1F587-8B0E-4BC2-B1D6-9B1501E26C94}.Debug|Any CPU.ActiveCfg = Debug|Any CPU
		{0CD1F587-8B0E-4BC2-B1D6-9B1501E26C94}.Debug|Any CPU.Build.0 = Debug|Any CPU
		{0CD1F587-8B0E-4BC2-B1D6-9B1501E26C94}.Release|Any CPU.ActiveCfg = Release|Any CPU
		{0CD1F587-8B0E-4BC2-B1D6-9B1501E26C94}.Release|Any CPU.Build.0 = Release|Any CPU
		{405F64AF-24BE-4290-B39B-D3C1986F9B46}.Debug|Any CPU.ActiveCfg = Debug|Any CPU
		{405F64AF-24BE-4290-B39B-D3C1986F9B46}.Debug|Any CPU.Build.0 = Debug|Any CPU
		{405F64AF-24BE-4290-B39B-D3C1986F9B46}.Release|Any CPU.ActiveCfg = Release|Any CPU
		{405F64AF-24BE-4290-B39B-D3C1986F9B46}.Release|Any CPU.Build.0 = Release|Any CPU
	EndGlobalSection
	GlobalSection(SolutionProperties) = preSolution
		HideSolutionNode = FALSE
	EndGlobalSection
	GlobalSection(ExtensibilityGlobals) = postSolution
		SolutionGuid = {5F1BE01D-9DC6-4D74-B35D-1F0B27F0B9F8}
	EndGlobalSection
EndGlobal
